
Microsoft Visual Studio Solution File, Format Version 12.00
# Visual Studio Version 16
VisualStudioVersion = 16.0.30523.141
MinimumVisualStudioVersion = 10.0.40219.1
Project("{9A19103F-16F7-4668-BE54-9A1E7A4F7556}") = "JsonScribe", "JsonScribe\JsonScribe.csproj", "{B3FD0359-4FF8-4AE4-B43B-29036A0E6143}"
EndProject
Project("{9A19103F-16F7-4668-BE54-9A1E7A4F7556}") = "JsonScribe.Test", "JsonScribe.Test\JsonScribe.Test.csproj", "{1213AB98-D916-4134-8398-2FE94C094992}"
EndProject
Global
	GlobalSection(SolutionConfigurationPlatforms) = preSolution
		Debug|Any CPU = Debug|Any CPU
		Release|Any CPU = Release|Any CPU
	EndGlobalSection
	GlobalSection(ProjectConfigurationPlatforms) = postSolution
		{B3FD0359-4FF8-4AE4-B43B-29036A0E6143}.Debug|Any CPU.ActiveCfg = Debug|Any CPU
		{B3FD0359-4FF8-4AE4-B43B-29036A0E6143}.Debug|Any CPU.Build.0 = Debug|Any CPU
		{B3FD0359-4FF8-4AE4-B43B-29036A0E6143}.Release|Any CPU.ActiveCfg = Release|Any CPU
		{B3FD0359-4FF8-4AE4-B43B-29036A0E6143}.Release|Any CPU.Build.0 = Release|Any CPU
		{1213AB98-D916-4134-8398-2FE94C094992}.Debug|Any CPU.ActiveCfg = Debug|Any CPU
		{1213AB98-D916-4134-8398-2FE94C094992}.Debug|Any CPU.Build.0 = Debug|Any CPU
		{1213AB98-D916-4134-8398-2FE94C094992}.Release|Any CPU.ActiveCfg = Release|Any CPU
		{1213AB98-D916-4134-8398-2FE94C094992}.Release|Any CPU.Build.0 = Release|Any CPU
	EndGlobalSection
	GlobalSection(SolutionProperties) = preSolution
		HideSolutionNode = FALSE
	EndGlobalSection
	GlobalSection(ExtensibilityGlobals) = postSolution
		SolutionGuid = {C12905EF-75B2-4F49-B14B-3A6BE747CE54}
	EndGlobalSection
EndGlobal
