
Microsoft Visual Studio Solution File, Format Version 12.00
Project("{FAE04EC0-301F-11D3-BF4B-00C04F79EFBC}") = "JsonLite", "JsonLite\JsonLite.csproj", "{B3FD0359-4FF8-4AE4-B43B-29036A0E6143}"
EndProject
Project("{FAE04EC0-301F-11D3-BF4B-00C04F79EFBC}") = "JsonLiteTest", "JsonLiteTest\JsonLiteTest.csproj", "{1213AB98-D916-4134-8398-2FE94C094992}"
EndProject
Global
	GlobalSection(SolutionConfigurationPlatforms) = preSolution
		Debug|Any CPU = Debug|Any CPU
		Release|Any CPU = Release|Any CPU
	EndGlobalSection
	GlobalSection(ProjectConfigurationPlatforms) = postSolution
		{B3FD0359-4FF8-4AE4-B43B-29036A0E6143}.Debug|Any CPU.ActiveCfg = Debug|Any CPU
		{B3FD0359-4FF8-4AE4-B43B-29036A0E6143}.Debug|Any CPU.Build.0 = Debug|Any CPU
		{B3FD0359-4FF8-4AE4-B43B-29036A0E6143}.Release|Any CPU.ActiveCfg = Release|Any CPU
		{B3FD0359-4FF8-4AE4-B43B-29036A0E6143}.Release|Any CPU.Build.0 = Release|Any CPU
		{1213AB98-D916-4134-8398-2FE94C094992}.Debug|Any CPU.ActiveCfg = Debug|Any CPU
		{1213AB98-D916-4134-8398-2FE94C094992}.Debug|Any CPU.Build.0 = Debug|Any CPU
		{1213AB98-D916-4134-8398-2FE94C094992}.Release|Any CPU.ActiveCfg = Release|Any CPU
		{1213AB98-D916-4134-8398-2FE94C094992}.Release|Any CPU.Build.0 = Release|Any CPU
	EndGlobalSection
EndGlobal
